
Microsoft Visual Studio Solution File, Format Version 12.00
# Visual Studio Version 17
VisualStudioVersion = 17.5.33530.505
MinimumVisualStudioVersion = 10.0.40219.1
Project("{FAE04EC0-301F-11D3-BF4B-00C04F79EFBC}") = "23B_SR1", "23B_SR1\23B_SR1.csproj", "{832EB02A-115C-48CA-93BA-02C1BCD20D09}"
EndProject
Project("{FAE04EC0-301F-11D3-BF4B-00C04F79EFBC}") = "DogTest", "DogTest\DogTest.csproj", "{CC62F799-0F31-4B27-9443-10354141582F}"
EndProject
Project("{FAE04EC0-301F-11D3-BF4B-00C04F79EFBC}") = "SR1_03_02", "SR1_03_02\SR1_03_02.csproj", "{2943F88F-487D-45FF-A42F-8AFA14EC9662}"
EndProject
Project("{FAE04EC0-301F-11D3-BF4B-00C04F79EFBC}") = "SR1_04_02", "SR1_04_02\SR1_04_02.csproj", "{3E5B703D-D56B-4DAB-A04C-434162622754}"
EndProject
Project("{FAE04EC0-301F-11D3-BF4B-00C04F79EFBC}") = "SR1_05_02", "SR1_05_02\SR1_05_02.csproj", "{6E431FCB-C3B1-456C-AFF3-A0B6BB51E229}"
EndProject
Project("{FAE04EC0-301F-11D3-BF4B-00C04F79EFBC}") = "SR1_06_02", "SR1_06_02\SR1_06_02.csproj", "{7EDEB3F3-64B8-4BD2-BC0E-6D36543269D2}"
EndProject
Global
	GlobalSection(SolutionConfigurationPlatforms) = preSolution
		Debug|Any CPU = Debug|Any CPU
		Release|Any CPU = Release|Any CPU
	EndGlobalSection
	GlobalSection(ProjectConfigurationPlatforms) = postSolution
		{832EB02A-115C-48CA-93BA-02C1BCD20D09}.Debug|Any CPU.ActiveCfg = Debug|Any CPU
		{832EB02A-115C-48CA-93BA-02C1BCD20D09}.Debug|Any CPU.Build.0 = Debug|Any CPU
		{832EB02A-115C-48CA-93BA-02C1BCD20D09}.Release|Any CPU.ActiveCfg = Release|Any CPU
		{832EB02A-115C-48CA-93BA-02C1BCD20D09}.Release|Any CPU.Build.0 = Release|Any CPU
		{CC62F799-0F31-4B27-9443-10354141582F}.Debug|Any CPU.ActiveCfg = Debug|Any CPU
		{CC62F799-0F31-4B27-9443-10354141582F}.Debug|Any CPU.Build.0 = Debug|Any CPU
		{CC62F799-0F31-4B27-9443-10354141582F}.Release|Any CPU.ActiveCfg = Release|Any CPU
		{CC62F799-0F31-4B27-9443-10354141582F}.Release|Any CPU.Build.0 = Release|Any CPU
		{2943F88F-487D-45FF-A42F-8AFA14EC9662}.Debug|Any CPU.ActiveCfg = Debug|Any CPU
		{2943F88F-487D-45FF-A42F-8AFA14EC9662}.Debug|Any CPU.Build.0 = Debug|Any CPU
		{2943F88F-487D-45FF-A42F-8AFA14EC9662}.Release|Any CPU.ActiveCfg = Release|Any CPU
		{2943F88F-487D-45FF-A42F-8AFA14EC9662}.Release|Any CPU.Build.0 = Release|Any CPU
		{3E5B703D-D56B-4DAB-A04C-434162622754}.Debug|Any CPU.ActiveCfg = Debug|Any CPU
		{3E5B703D-D56B-4DAB-A04C-434162622754}.Debug|Any CPU.Build.0 = Debug|Any CPU
		{3E5B703D-D56B-4DAB-A04C-434162622754}.Release|Any CPU.ActiveCfg = Release|Any CPU
		{3E5B703D-D56B-4DAB-A04C-434162622754}.Release|Any CPU.Build.0 = Release|Any CPU
		{6E431FCB-C3B1-456C-AFF3-A0B6BB51E229}.Debug|Any CPU.ActiveCfg = Debug|Any CPU
		{6E431FCB-C3B1-456C-AFF3-A0B6BB51E229}.Debug|Any CPU.Build.0 = Debug|Any CPU
		{6E431FCB-C3B1-456C-AFF3-A0B6BB51E229}.Release|Any CPU.ActiveCfg = Release|Any CPU
		{6E431FCB-C3B1-456C-AFF3-A0B6BB51E229}.Release|Any CPU.Build.0 = Release|Any CPU
		{7EDEB3F3-64B8-4BD2-BC0E-6D36543269D2}.Debug|Any CPU.ActiveCfg = Debug|Any CPU
		{7EDEB3F3-64B8-4BD2-BC0E-6D36543269D2}.Debug|Any CPU.Build.0 = Debug|Any CPU
		{7EDEB3F3-64B8-4BD2-BC0E-6D36543269D2}.Release|Any CPU.ActiveCfg = Release|Any CPU
		{7EDEB3F3-64B8-4BD2-BC0E-6D36543269D2}.Release|Any CPU.Build.0 = Release|Any CPU
	EndGlobalSection
	GlobalSection(SolutionProperties) = preSolution
		HideSolutionNode = FALSE
	EndGlobalSection
	GlobalSection(ExtensibilityGlobals) = postSolution
		SolutionGuid = {7E92204A-0D54-4826-82DD-C9F055A36493}
	EndGlobalSection
EndGlobal
